
Microsoft Visual Studio Solution File, Format Version 12.00
Project("{F2A71F9B-5D33-465A-A702-920D77279786}") = "Armarium", "Armarium\Armarium.fsproj", "{AC45AC56-E00F-40D7-B977-EBFCD78080A2}"
EndProject
Global
	GlobalSection(SolutionConfigurationPlatforms) = preSolution
		Debug|Any CPU = Debug|Any CPU
		Release|Any CPU = Release|Any CPU
	EndGlobalSection
	GlobalSection(ProjectConfigurationPlatforms) = postSolution
		{AC45AC56-E00F-40D7-B977-EBFCD78080A2}.Debug|Any CPU.ActiveCfg = Debug|Any CPU
		{AC45AC56-E00F-40D7-B977-EBFCD78080A2}.Debug|Any CPU.Build.0 = Debug|Any CPU
		{AC45AC56-E00F-40D7-B977-EBFCD78080A2}.Release|Any CPU.ActiveCfg = Release|Any CPU
		{AC45AC56-E00F-40D7-B977-EBFCD78080A2}.Release|Any CPU.Build.0 = Release|Any CPU
	EndGlobalSection
EndGlobal
